// !$*UTF8*$!
{
	archiveVersion = 1;
	classes = {
	};
	objectVersion = 46;
	objects = {

/* Begin PBXBuildFile section */
		CABCBB7B14D0A21200A735F5 /* GlesUtil.h in Headers */ = {isa = PBXBuildFile; fileRef = CABCBB7914D0A21200A735F5 /* GlesUtil.h */; };
		CABCBB7F14D0A28700A735F5 /* TriStrip.cpp in Sources */ = {isa = PBXBuildFile; fileRef = CABCBB7D14D0A28700A735F5 /* TriStrip.cpp */; };
		CABCBB8014D0A28700A735F5 /* TriStrip.h in Headers */ = {isa = PBXBuildFile; fileRef = CABCBB7E14D0A28700A735F5 /* TriStrip.h */; };
		CABCBB8D14D0A52C00A735F5 /* GlesUtil.cpp in Sources */ = {isa = PBXBuildFile; fileRef = CABCBB8C14D0A52C00A735F5 /* GlesUtil.cpp */; };
/* End PBXBuildFile section */

/* Begin PBXFileReference section */
		CABCBB6714D07F8D00A735F5 /* libUtil.a */ = {isa = PBXFileReference; explicitFileType = archive.ar; includeInIndex = 0; path = libUtil.a; sourceTree = BUILT_PRODUCTS_DIR; };
		CABCBB7914D0A21200A735F5 /* GlesUtil.h */ = {isa = PBXFileReference; fileEncoding = 4; lastKnownFileType = sourcecode.c.h; path = GlesUtil.h; sourceTree = "<group>"; };
		CABCBB7D14D0A28700A735F5 /* TriStrip.cpp */ = {isa = PBXFileReference; fileEncoding = 4; lastKnownFileType = sourcecode.cpp.cpp; path = TriStrip.cpp; sourceTree = "<group>"; };
		CABCBB7E14D0A28700A735F5 /* TriStrip.h */ = {isa = PBXFileReference; fileEncoding = 4; lastKnownFileType = sourcecode.c.h; path = TriStrip.h; sourceTree = "<group>"; };
		CABCBB8C14D0A52C00A735F5 /* GlesUtil.cpp */ = {isa = PBXFileReference; fileEncoding = 4; lastKnownFileType = sourcecode.cpp.cpp; path = GlesUtil.cpp; sourceTree = "<group>"; };
/* End PBXFileReference section */

/* Begin PBXFrameworksBuildPhase section */
		CABCBB6414D07F8D00A735F5 /* Frameworks */ = {
			isa = PBXFrameworksBuildPhase;
			buildActionMask = 2147483647;
			files = (
			);
			runOnlyForDeploymentPostprocessing = 0;
		};
/* End PBXFrameworksBuildPhase section */

/* Begin PBXGroup section */
		CABCBB5C14D07F8D00A735F5 = {
			isa = PBXGroup;
			children = (
				CABCBB7914D0A21200A735F5 /* GlesUtil.h */,
				CABCBB8C14D0A52C00A735F5 /* GlesUtil.cpp */,
				CABCBB7D14D0A28700A735F5 /* TriStrip.cpp */,
				CABCBB7E14D0A28700A735F5 /* TriStrip.h */,
				CABCBB6814D07F8D00A735F5 /* Products */,
			);
			sourceTree = "<group>";
		};
		CABCBB6814D07F8D00A735F5 /* Products */ = {
			isa = PBXGroup;
			children = (
				CABCBB6714D07F8D00A735F5 /* libUtil.a */,
			);
			name = Products;
			sourceTree = "<group>";
		};
/* End PBXGroup section */

/* Begin PBXHeadersBuildPhase section */
		CABCBB6514D07F8D00A735F5 /* Headers */ = {
			isa = PBXHeadersBuildPhase;
			buildActionMask = 2147483647;
			files = (
				CABCBB7B14D0A21200A735F5 /* GlesUtil.h in Headers */,
				CABCBB8014D0A28700A735F5 /* TriStrip.h in Headers */,
			);
			runOnlyForDeploymentPostprocessing = 0;
		};
/* End PBXHeadersBuildPhase section */

/* Begin PBXNativeTarget section */
		CABCBB6614D07F8D00A735F5 /* Util */ = {
			isa = PBXNativeTarget;
			buildConfigurationList = CABCBB7414D07F8D00A735F5 /* Build configuration list for PBXNativeTarget "Util" */;
			buildPhases = (
				CABCBB6314D07F8D00A735F5 /* Sources */,
				CABCBB6414D07F8D00A735F5 /* Frameworks */,
				CABCBB6514D07F8D00A735F5 /* Headers */,
			);
			buildRules = (
			);
			dependencies = (
			);
			name = Util;
			productName = Util;
			productReference = CABCBB6714D07F8D00A735F5 /* libUtil.a */;
			productType = "com.apple.product-type.library.static";
		};
/* End PBXNativeTarget section */

/* Begin PBXProject section */
		CABCBB5E14D07F8D00A735F5 /* Project object */ = {
			isa = PBXProject;
			attributes = {
				LastUpgradeCheck = 0420;
				ORGANIZATIONNAME = "The 11ers";
			};
			buildConfigurationList = CABCBB6114D07F8D00A735F5 /* Build configuration list for PBXProject "Util" */;
			compatibilityVersion = "Xcode 3.2";
			developmentRegion = English;
			hasScannedForEncodings = 0;
			knownRegions = (
				en,
			);
			mainGroup = CABCBB5C14D07F8D00A735F5;
			productRefGroup = CABCBB6814D07F8D00A735F5 /* Products */;
			projectDirPath = "";
			projectRoot = "";
			targets = (
				CABCBB6614D07F8D00A735F5 /* Util */,
			);
		};
/* End PBXProject section */

/* Begin PBXSourcesBuildPhase section */
		CABCBB6314D07F8D00A735F5 /* Sources */ = {
			isa = PBXSourcesBuildPhase;
			buildActionMask = 2147483647;
			files = (
				CABCBB7F14D0A28700A735F5 /* TriStrip.cpp in Sources */,
				CABCBB8D14D0A52C00A735F5 /* GlesUtil.cpp in Sources */,
			);
			runOnlyForDeploymentPostprocessing = 0;
		};
/* End PBXSourcesBuildPhase section */

/* Begin XCBuildConfiguration section */
		CABCBB7214D07F8D00A735F5 /* Debug */ = {
			isa = XCBuildConfiguration;
			buildSettings = {
				ALWAYS_SEARCH_USER_PATHS = NO;
				ARCHS = "$(ARCHS_STANDARD_32_BIT)";
				COPY_PHASE_STRIP = NO;
				GCC_C_LANGUAGE_STANDARD = gnu99;
				GCC_DYNAMIC_NO_PIC = NO;
				GCC_OPTIMIZATION_LEVEL = 0;
				GCC_PREPROCESSOR_DEFINITIONS = (
					"DEBUG=1",
					"$(inherited)",
				);
				GCC_SYMBOLS_PRIVATE_EXTERN = NO;
				GCC_VERSION = com.apple.compilers.llvm.clang.1_0;
				GCC_WARN_ABOUT_MISSING_PROTOTYPES = YES;
				GCC_WARN_ABOUT_RETURN_TYPE = YES;
				GCC_WARN_UNUSED_VARIABLE = YES;
				IPHONEOS_DEPLOYMENT_TARGET = 5.0;
				SDKROOT = iphoneos;
			};
			name = Debug;
		};
		CABCBB7314D07F8D00A735F5 /* Release */ = {
			isa = XCBuildConfiguration;
			buildSettings = {
				ALWAYS_SEARCH_USER_PATHS = NO;
				ARCHS = "$(ARCHS_STANDARD_32_BIT)";
				COPY_PHASE_STRIP = YES;
				GCC_C_LANGUAGE_STANDARD = gnu99;
				GCC_VERSION = com.apple.compilers.llvm.clang.1_0;
				GCC_WARN_ABOUT_MISSING_PROTOTYPES = YES;
				GCC_WARN_ABOUT_RETURN_TYPE = YES;
				GCC_WARN_UNUSED_VARIABLE = YES;
				IPHONEOS_DEPLOYMENT_TARGET = 5.0;
				SDKROOT = iphoneos;
				VALIDATE_PRODUCT = YES;
			};
			name = Release;
		};
		CABCBB7514D07F8D00A735F5 /* Debug */ = {
			isa = XCBuildConfiguration;
			buildSettings = {
				DSTROOT = /tmp/Util.dst;
				GCC_PRECOMPILE_PREFIX_HEADER = NO;
				GCC_PREFIX_HEADER = "";
				HEADER_SEARCH_PATHS = "$(ILM_BASE_DIR)/Imath";
				OTHER_LDFLAGS = "-ObjC";
				PRODUCT_NAME = "$(TARGET_NAME)";
				SHARED_PRECOMPS_DIR = "";
				SKIP_INSTALL = YES;
				USER_HEADER_SEARCH_PATHS = "$(ILM_BASE_DIR)/Iex $(ILM_BASE_DIR)/Imath";
			};
			name = Debug;
		};
		CABCBB7614D07F8D00A735F5 /* Release */ = {
			isa = XCBuildConfiguration;
			buildSettings = {
				DSTROOT = /tmp/Util.dst;
				GCC_PRECOMPILE_PREFIX_HEADER = NO;
				GCC_PREFIX_HEADER = "";
				HEADER_SEARCH_PATHS = "$(ILM_BASE_DIR)/Imath";
				OTHER_LDFLAGS = "-ObjC";
				PRODUCT_NAME = "$(TARGET_NAME)";
				SHARED_PRECOMPS_DIR = "";
				SKIP_INSTALL = YES;
				USER_HEADER_SEARCH_PATHS = "$(ILM_BASE_DIR)/Iex $(ILM_BASE_DIR)/Imath";
			};
			name = Release;
		};
/* End XCBuildConfiguration section */

/* Begin XCConfigurationList section */
		CABCBB6114D07F8D00A735F5 /* Build configuration list for PBXProject "Util" */ = {
			isa = XCConfigurationList;
			buildConfigurations = (
				CABCBB7214D07F8D00A735F5 /* Debug */,
				CABCBB7314D07F8D00A735F5 /* Release */,
			);
			defaultConfigurationIsVisible = 0;
			defaultConfigurationName = Release;
		};
		CABCBB7414D07F8D00A735F5 /* Build configuration list for PBXNativeTarget "Util" */ = {
			isa = XCConfigurationList;
			buildConfigurations = (
				CABCBB7514D07F8D00A735F5 /* Debug */,
				CABCBB7614D07F8D00A735F5 /* Release */,
			);
			defaultConfigurationIsVisible = 0;
			defaultConfigurationName = Release;
		};
/* End XCConfigurationList section */
	};
	rootObject = CABCBB5E14D07F8D00A735F5 /* Project object */;
}
