// !$*UTF8*$!
{
	archiveVersion = 1;
	classes = {
	};
	objectVersion = 46;
	objects = {

/* Begin PBXBuildFile section */
		CA38A85016248BC50055AF8E /* TouchUI.cpp in Sources */ = {isa = PBXBuildFile; fileRef = CA38A84E16248BC50055AF8E /* TouchUI.cpp */; };
		CA38A85116248BC50055AF8E /* TouchUI.h in Headers */ = {isa = PBXBuildFile; fileRef = CA38A84F16248BC50055AF8E /* TouchUI.h */; };
		CA45B75B16D82582006B2B84 /* Thread.cpp in Sources */ = {isa = PBXBuildFile; fileRef = CA45B75916D82582006B2B84 /* Thread.cpp */; };
		CA45B75C16D82582006B2B84 /* Thread.h in Headers */ = {isa = PBXBuildFile; fileRef = CA45B75A16D82582006B2B84 /* Thread.h */; };
		CA7C699E155C979800456837 /* Base64.cpp in Sources */ = {isa = PBXBuildFile; fileRef = CA7C699C155C979800456837 /* Base64.cpp */; };
		CA7C699F155C979800456837 /* Base64.h in Headers */ = {isa = PBXBuildFile; fileRef = CA7C699D155C979800456837 /* Base64.h */; };
		CA7C69A3155CD9EA00456837 /* lodepng.cpp in Sources */ = {isa = PBXBuildFile; fileRef = CA7C69A1155CD9EA00456837 /* lodepng.cpp */; };
		CA7C69A4155CD9EA00456837 /* lodepng.h in Headers */ = {isa = PBXBuildFile; fileRef = CA7C69A2155CD9EA00456837 /* lodepng.h */; };
		CA7EC400152E8A2A00882848 /* Json.cpp in Sources */ = {isa = PBXBuildFile; fileRef = CA7EC3FE152E8A2A00882848 /* Json.cpp */; };
		CA7EC401152E8A2A00882848 /* Json.h in Headers */ = {isa = PBXBuildFile; fileRef = CA7EC3FF152E8A2A00882848 /* Json.h */; };
		CA8EF65C1650B5D500805499 /* Filename.cpp in Sources */ = {isa = PBXBuildFile; fileRef = CA8EF65A1650B5D500805499 /* Filename.cpp */; };
		CA8EF65D1650B5D500805499 /* Filename.h in Headers */ = {isa = PBXBuildFile; fileRef = CA8EF65B1650B5D500805499 /* Filename.h */; };
		CABCBB7B14D0A21200A735F5 /* GlesUtil.h in Headers */ = {isa = PBXBuildFile; fileRef = CABCBB7914D0A21200A735F5 /* GlesUtil.h */; };
		CABCBB7F14D0A28700A735F5 /* TriStrip.cpp in Sources */ = {isa = PBXBuildFile; fileRef = CABCBB7D14D0A28700A735F5 /* TriStrip.cpp */; };
		CABCBB8014D0A28700A735F5 /* TriStrip.h in Headers */ = {isa = PBXBuildFile; fileRef = CABCBB7E14D0A28700A735F5 /* TriStrip.h */; };
		CABCBB8D14D0A52C00A735F5 /* GlesUtil.cpp in Sources */ = {isa = PBXBuildFile; fileRef = CABCBB8C14D0A52C00A735F5 /* GlesUtil.cpp */; };
		CAFE51FA14EAC06F00C78E0B /* Timer.cpp in Sources */ = {isa = PBXBuildFile; fileRef = CAFE51F814EAC06F00C78E0B /* Timer.cpp */; };
		CAFE51FB14EAC06F00C78E0B /* Timer.h in Headers */ = {isa = PBXBuildFile; fileRef = CAFE51F914EAC06F00C78E0B /* Timer.h */; };
/* End PBXBuildFile section */

/* Begin PBXFileReference section */
		CA38A832162485470055AF8E /* Trackball.h */ = {isa = PBXFileReference; lastKnownFileType = sourcecode.c.h; path = Trackball.h; sourceTree = "<group>"; };
		CA38A84E16248BC50055AF8E /* TouchUI.cpp */ = {isa = PBXFileReference; fileEncoding = 4; lastKnownFileType = sourcecode.cpp.cpp; path = TouchUI.cpp; sourceTree = "<group>"; };
		CA38A84F16248BC50055AF8E /* TouchUI.h */ = {isa = PBXFileReference; fileEncoding = 4; lastKnownFileType = sourcecode.c.h; path = TouchUI.h; sourceTree = "<group>"; };
		CA45B75916D82582006B2B84 /* Thread.cpp */ = {isa = PBXFileReference; fileEncoding = 4; lastKnownFileType = sourcecode.cpp.cpp; path = Thread.cpp; sourceTree = "<group>"; };
		CA45B75A16D82582006B2B84 /* Thread.h */ = {isa = PBXFileReference; fileEncoding = 4; lastKnownFileType = sourcecode.c.h; path = Thread.h; sourceTree = "<group>"; };
		CA4D2B1516C02A7B00E0F1BA /* Curve.h */ = {isa = PBXFileReference; lastKnownFileType = sourcecode.c.h; path = Curve.h; sourceTree = "<group>"; };
		CA7C699C155C979800456837 /* Base64.cpp */ = {isa = PBXFileReference; fileEncoding = 4; lastKnownFileType = sourcecode.cpp.cpp; path = Base64.cpp; sourceTree = "<group>"; };
		CA7C699D155C979800456837 /* Base64.h */ = {isa = PBXFileReference; fileEncoding = 4; lastKnownFileType = sourcecode.c.h; path = Base64.h; sourceTree = "<group>"; };
		CA7C69A1155CD9EA00456837 /* lodepng.cpp */ = {isa = PBXFileReference; fileEncoding = 4; lastKnownFileType = sourcecode.cpp.cpp; path = lodepng.cpp; sourceTree = "<group>"; };
		CA7C69A2155CD9EA00456837 /* lodepng.h */ = {isa = PBXFileReference; fileEncoding = 4; lastKnownFileType = sourcecode.c.h; path = lodepng.h; sourceTree = "<group>"; };
		CA7EC3FE152E8A2A00882848 /* Json.cpp */ = {isa = PBXFileReference; fileEncoding = 4; lastKnownFileType = sourcecode.cpp.cpp; path = Json.cpp; sourceTree = "<group>"; };
		CA7EC3FF152E8A2A00882848 /* Json.h */ = {isa = PBXFileReference; fileEncoding = 4; lastKnownFileType = sourcecode.c.h; path = Json.h; sourceTree = "<group>"; };
		CA8EF65A1650B5D500805499 /* Filename.cpp */ = {isa = PBXFileReference; fileEncoding = 4; lastKnownFileType = sourcecode.cpp.cpp; path = Filename.cpp; sourceTree = "<group>"; };
		CA8EF65B1650B5D500805499 /* Filename.h */ = {isa = PBXFileReference; fileEncoding = 4; lastKnownFileType = sourcecode.c.h; path = Filename.h; sourceTree = "<group>"; };
		CAA103A11653A84D00873A46 /* Sys.h */ = {isa = PBXFileReference; lastKnownFileType = sourcecode.c.h; path = Sys.h; sourceTree = "<group>"; };
		CABCBB6714D07F8D00A735F5 /* libUtil.a */ = {isa = PBXFileReference; explicitFileType = archive.ar; includeInIndex = 0; path = libUtil.a; sourceTree = BUILT_PRODUCTS_DIR; };
		CABCBB7914D0A21200A735F5 /* GlesUtil.h */ = {isa = PBXFileReference; fileEncoding = 4; lastKnownFileType = sourcecode.c.h; path = GlesUtil.h; sourceTree = "<group>"; };
		CABCBB7D14D0A28700A735F5 /* TriStrip.cpp */ = {isa = PBXFileReference; fileEncoding = 4; lastKnownFileType = sourcecode.cpp.cpp; path = TriStrip.cpp; sourceTree = "<group>"; };
		CABCBB7E14D0A28700A735F5 /* TriStrip.h */ = {isa = PBXFileReference; fileEncoding = 4; lastKnownFileType = sourcecode.c.h; path = TriStrip.h; sourceTree = "<group>"; };
		CABCBB8C14D0A52C00A735F5 /* GlesUtil.cpp */ = {isa = PBXFileReference; fileEncoding = 4; lastKnownFileType = sourcecode.cpp.cpp; path = GlesUtil.cpp; sourceTree = "<group>"; };
		CAFE51F814EAC06F00C78E0B /* Timer.cpp */ = {isa = PBXFileReference; fileEncoding = 4; lastKnownFileType = sourcecode.cpp.cpp; path = Timer.cpp; sourceTree = "<group>"; };
		CAFE51F914EAC06F00C78E0B /* Timer.h */ = {isa = PBXFileReference; fileEncoding = 4; lastKnownFileType = sourcecode.c.h; path = Timer.h; sourceTree = "<group>"; };
/* End PBXFileReference section */

/* Begin PBXFrameworksBuildPhase section */
		CABCBB6414D07F8D00A735F5 /* Frameworks */ = {
			isa = PBXFrameworksBuildPhase;
			buildActionMask = 2147483647;
			files = (
			);
			runOnlyForDeploymentPostprocessing = 0;
		};
/* End PBXFrameworksBuildPhase section */

/* Begin PBXGroup section */
		CABCBB5C14D07F8D00A735F5 = {
			isa = PBXGroup;
			children = (
				CA4D2B1516C02A7B00E0F1BA /* Curve.h */,
				CAA103A11653A84D00873A46 /* Sys.h */,
				CA8EF65A1650B5D500805499 /* Filename.cpp */,
				CA8EF65B1650B5D500805499 /* Filename.h */,
				CA7C699C155C979800456837 /* Base64.cpp */,
				CA7C699D155C979800456837 /* Base64.h */,
				CABCBB7914D0A21200A735F5 /* GlesUtil.h */,
				CABCBB8C14D0A52C00A735F5 /* GlesUtil.cpp */,
				CA7EC3FF152E8A2A00882848 /* Json.h */,
				CA7EC3FE152E8A2A00882848 /* Json.cpp */,
				CA7C69A2155CD9EA00456837 /* lodepng.h */,
				CA7C69A1155CD9EA00456837 /* lodepng.cpp */,
				CA45B75A16D82582006B2B84 /* Thread.h */,
				CA45B75916D82582006B2B84 /* Thread.cpp */,
				CAFE51F914EAC06F00C78E0B /* Timer.h */,
				CAFE51F814EAC06F00C78E0B /* Timer.cpp */,
				CABCBB7D14D0A28700A735F5 /* TriStrip.cpp */,
				CABCBB7E14D0A28700A735F5 /* TriStrip.h */,
				CA38A84F16248BC50055AF8E /* TouchUI.h */,
				CA38A84E16248BC50055AF8E /* TouchUI.cpp */,
				CA38A832162485470055AF8E /* Trackball.h */,
				CABCBB6814D07F8D00A735F5 /* Products */,
			);
			sourceTree = "<group>";
		};
		CABCBB6814D07F8D00A735F5 /* Products */ = {
			isa = PBXGroup;
			children = (
				CABCBB6714D07F8D00A735F5 /* libUtil.a */,
			);
			name = Products;
			sourceTree = "<group>";
		};
/* End PBXGroup section */

/* Begin PBXHeadersBuildPhase section */
		CABCBB6514D07F8D00A735F5 /* Headers */ = {
			isa = PBXHeadersBuildPhase;
			buildActionMask = 2147483647;
			files = (
				CABCBB7B14D0A21200A735F5 /* GlesUtil.h in Headers */,
				CABCBB8014D0A28700A735F5 /* TriStrip.h in Headers */,
				CAFE51FB14EAC06F00C78E0B /* Timer.h in Headers */,
				CA7EC401152E8A2A00882848 /* Json.h in Headers */,
				CA7C699F155C979800456837 /* Base64.h in Headers */,
				CA7C69A4155CD9EA00456837 /* lodepng.h in Headers */,
				CA38A85116248BC50055AF8E /* TouchUI.h in Headers */,
				CA8EF65D1650B5D500805499 /* Filename.h in Headers */,
				CA45B75C16D82582006B2B84 /* Thread.h in Headers */,
			);
			runOnlyForDeploymentPostprocessing = 0;
		};
/* End PBXHeadersBuildPhase section */

/* Begin PBXNativeTarget section */
		CABCBB6614D07F8D00A735F5 /* Util */ = {
			isa = PBXNativeTarget;
			buildConfigurationList = CABCBB7414D07F8D00A735F5 /* Build configuration list for PBXNativeTarget "Util" */;
			buildPhases = (
				CABCBB6314D07F8D00A735F5 /* Sources */,
				CABCBB6414D07F8D00A735F5 /* Frameworks */,
				CABCBB6514D07F8D00A735F5 /* Headers */,
			);
			buildRules = (
			);
			dependencies = (
			);
			name = Util;
			productName = Util;
			productReference = CABCBB6714D07F8D00A735F5 /* libUtil.a */;
			productType = "com.apple.product-type.library.static";
		};
/* End PBXNativeTarget section */

/* Begin PBXProject section */
		CABCBB5E14D07F8D00A735F5 /* Project object */ = {
			isa = PBXProject;
			attributes = {
				LastUpgradeCheck = 0420;
				ORGANIZATIONNAME = "The 11ers";
			};
			buildConfigurationList = CABCBB6114D07F8D00A735F5 /* Build configuration list for PBXProject "Util" */;
			compatibilityVersion = "Xcode 3.2";
			developmentRegion = English;
			hasScannedForEncodings = 0;
			knownRegions = (
				en,
			);
			mainGroup = CABCBB5C14D07F8D00A735F5;
			productRefGroup = CABCBB6814D07F8D00A735F5 /* Products */;
			projectDirPath = "";
			projectRoot = "";
			targets = (
				CABCBB6614D07F8D00A735F5 /* Util */,
			);
		};
/* End PBXProject section */

/* Begin PBXSourcesBuildPhase section */
		CABCBB6314D07F8D00A735F5 /* Sources */ = {
			isa = PBXSourcesBuildPhase;
			buildActionMask = 2147483647;
			files = (
				CABCBB7F14D0A28700A735F5 /* TriStrip.cpp in Sources */,
				CABCBB8D14D0A52C00A735F5 /* GlesUtil.cpp in Sources */,
				CAFE51FA14EAC06F00C78E0B /* Timer.cpp in Sources */,
				CA7EC400152E8A2A00882848 /* Json.cpp in Sources */,
				CA7C699E155C979800456837 /* Base64.cpp in Sources */,
				CA7C69A3155CD9EA00456837 /* lodepng.cpp in Sources */,
				CA38A85016248BC50055AF8E /* TouchUI.cpp in Sources */,
				CA8EF65C1650B5D500805499 /* Filename.cpp in Sources */,
				CA45B75B16D82582006B2B84 /* Thread.cpp in Sources */,
			);
			runOnlyForDeploymentPostprocessing = 0;
		};
/* End PBXSourcesBuildPhase section */

/* Begin XCBuildConfiguration section */
		CABCBB7214D07F8D00A735F5 /* Debug */ = {
			isa = XCBuildConfiguration;
			buildSettings = {
				ALWAYS_SEARCH_USER_PATHS = NO;
				ARCHS = "$(ARCHS_STANDARD_32_BIT)";
				COPY_PHASE_STRIP = NO;
				GCC_C_LANGUAGE_STANDARD = gnu99;
				GCC_DYNAMIC_NO_PIC = NO;
				GCC_OPTIMIZATION_LEVEL = 0;
				GCC_PREPROCESSOR_DEFINITIONS = (
					"DEBUG=1",
					"$(inherited)",
				);
				GCC_SYMBOLS_PRIVATE_EXTERN = NO;
				GCC_VERSION = com.apple.compilers.llvm.clang.1_0;
				GCC_WARN_ABOUT_MISSING_PROTOTYPES = YES;
				GCC_WARN_ABOUT_RETURN_TYPE = YES;
				GCC_WARN_UNUSED_VARIABLE = YES;
				IPHONEOS_DEPLOYMENT_TARGET = 5.0;
				SDKROOT = iphoneos;
			};
			name = Debug;
		};
		CABCBB7314D07F8D00A735F5 /* Release */ = {
			isa = XCBuildConfiguration;
			buildSettings = {
				ALWAYS_SEARCH_USER_PATHS = NO;
				ARCHS = "$(ARCHS_STANDARD_32_BIT)";
				COPY_PHASE_STRIP = YES;
				GCC_C_LANGUAGE_STANDARD = gnu99;
				GCC_VERSION = com.apple.compilers.llvm.clang.1_0;
				GCC_WARN_ABOUT_MISSING_PROTOTYPES = YES;
				GCC_WARN_ABOUT_RETURN_TYPE = YES;
				GCC_WARN_UNUSED_VARIABLE = YES;
				IPHONEOS_DEPLOYMENT_TARGET = 5.0;
				SDKROOT = iphoneos;
				VALIDATE_PRODUCT = YES;
			};
			name = Release;
		};
		CABCBB7514D07F8D00A735F5 /* Debug */ = {
			isa = XCBuildConfiguration;
			buildSettings = {
				CLANG_ANALYZER_SECURITY_INSECUREAPI_RAND = NO;
				CLANG_ANALYZER_SECURITY_INSECUREAPI_STRCPY = NO;
				CLANG_CXX_LIBRARY = "libstdc++";
				CLANG_WARN_EMPTY_BODY = YES;
				CLANG_WARN_SUSPICIOUS_IMPLICIT_CONVERSION = NO;
				DSTROOT = /tmp/Util.dst;
				GCC_PRECOMPILE_PREFIX_HEADER = NO;
				GCC_PREFIX_HEADER = "";
				GCC_TREAT_IMPLICIT_FUNCTION_DECLARATIONS_AS_ERRORS = YES;
				GCC_TREAT_INCOMPATIBLE_POINTER_TYPE_WARNINGS_AS_ERRORS = YES;
				GCC_VERSION = com.apple.compilers.llvm.clang.1_0;
				GCC_WARN_ABOUT_MISSING_FIELD_INITIALIZERS = YES;
				GCC_WARN_HIDDEN_VIRTUAL_FUNCTIONS = NO;
				GCC_WARN_INITIALIZER_NOT_FULLY_BRACKETED = YES;
				GCC_WARN_NON_VIRTUAL_DESTRUCTOR = NO;
				GCC_WARN_UNINITIALIZED_AUTOS = YES;
				GCC_WARN_UNUSED_FUNCTION = YES;
				GCC_WARN_UNUSED_LABEL = YES;
				GCC_WARN_UNUSED_PARAMETER = NO;
				HEADER_SEARCH_PATHS = (
					"$(ILM_BASE_DIR)/Iex",
					"$(ILM_BASE_DIR)/Imath",
				);
				OTHER_CFLAGS = "-DDEBUG=1";
				OTHER_CPLUSPLUSFLAGS = "-DDEBUG=1";
				OTHER_LDFLAGS = "-ObjC";
				PRODUCT_NAME = "$(TARGET_NAME)";
				SHARED_PRECOMPS_DIR = "";
				SKIP_INSTALL = YES;
				USER_HEADER_SEARCH_PATHS = "";
			};
			name = Debug;
		};
		CABCBB7614D07F8D00A735F5 /* Release */ = {
			isa = XCBuildConfiguration;
			buildSettings = {
				CLANG_ANALYZER_SECURITY_INSECUREAPI_RAND = NO;
				CLANG_ANALYZER_SECURITY_INSECUREAPI_STRCPY = NO;
				CLANG_CXX_LIBRARY = "libstdc++";
				CLANG_WARN_EMPTY_BODY = YES;
				CLANG_WARN_SUSPICIOUS_IMPLICIT_CONVERSION = NO;
				DSTROOT = /tmp/Util.dst;
				GCC_OPTIMIZATION_LEVEL = 3;
				GCC_PRECOMPILE_PREFIX_HEADER = NO;
				GCC_PREFIX_HEADER = "";
				GCC_PREPROCESSOR_DEFINITIONS = NDEBUG;
				GCC_TREAT_IMPLICIT_FUNCTION_DECLARATIONS_AS_ERRORS = YES;
				GCC_TREAT_INCOMPATIBLE_POINTER_TYPE_WARNINGS_AS_ERRORS = YES;
				GCC_VERSION = com.apple.compilers.llvm.clang.1_0;
				GCC_WARN_ABOUT_MISSING_FIELD_INITIALIZERS = YES;
				GCC_WARN_HIDDEN_VIRTUAL_FUNCTIONS = NO;
				GCC_WARN_INITIALIZER_NOT_FULLY_BRACKETED = YES;
				GCC_WARN_NON_VIRTUAL_DESTRUCTOR = NO;
				GCC_WARN_UNINITIALIZED_AUTOS = YES;
				GCC_WARN_UNUSED_FUNCTION = YES;
				GCC_WARN_UNUSED_LABEL = YES;
				GCC_WARN_UNUSED_PARAMETER = NO;
				HEADER_SEARCH_PATHS = (
					"$(ILM_BASE_DIR)/Iex",
					"$(ILM_BASE_DIR)/Imath",
				);
				OTHER_CFLAGS = "-DNDEBUG";
				"OTHER_CFLAGS[arch=*]" = "";
				OTHER_CPLUSPLUSFLAGS = "-DNDEBUG";
				OTHER_LDFLAGS = "-ObjC";
				PRODUCT_NAME = "$(TARGET_NAME)";
				SHARED_PRECOMPS_DIR = "";
				SKIP_INSTALL = YES;
				USER_HEADER_SEARCH_PATHS = "";
			};
			name = Release;
		};
/* End XCBuildConfiguration section */

/* Begin XCConfigurationList section */
		CABCBB6114D07F8D00A735F5 /* Build configuration list for PBXProject "Util" */ = {
			isa = XCConfigurationList;
			buildConfigurations = (
				CABCBB7214D07F8D00A735F5 /* Debug */,
				CABCBB7314D07F8D00A735F5 /* Release */,
			);
			defaultConfigurationIsVisible = 0;
			defaultConfigurationName = Release;
		};
		CABCBB7414D07F8D00A735F5 /* Build configuration list for PBXNativeTarget "Util" */ = {
			isa = XCConfigurationList;
			buildConfigurations = (
				CABCBB7514D07F8D00A735F5 /* Debug */,
				CABCBB7614D07F8D00A735F5 /* Release */,
			);
			defaultConfigurationIsVisible = 0;
			defaultConfigurationName = Release;
		};
/* End XCConfigurationList section */
	};
	rootObject = CABCBB5E14D07F8D00A735F5 /* Project object */;
}
